# fluxor.lock — generated, edit via `fluxor update`
# Pinned store artifacts: one [[artifact]] entry per resolved digest.

[[artifact]]
kind = "module"
name = "adc_rp"
project = "fluxor"
target = "rp2350"
digest = "sha256:580a24110949940ec1da71a8df8751208fbeab30646c9fd87e386ca14686509d"
reference = "rp2350/adc_rp:0.0.1"

[[artifact]]
kind = "module"
name = "button"
project = "fluxor"
target = "rp2350"
digest = "sha256:d4572ac5049c1c8a60a73379cf103ea9943b151b6c35356bd7131586e8fcebbc"
reference = "rp2350/button:0.0.1"

[[artifact]]
kind = "module"
name = "ch9120"
project = "fluxor"
target = "rp2350"
digest = "sha256:a98d1db355856817f42f9e74e001f9ae70daa4f59d7925b6d91b7d50a378f2e1"
reference = "rp2350/ch9120:0.0.1"

[[artifact]]
kind = "module"
name = "conn_demux"
project = "fluxor"
target = "bcm2712"
digest = "sha256:ce38867fb3e6d3c216cf0039cb4f5e14ae205caa7f461a04d86980381e57d7d3"
reference = "bcm2712/conn_demux:0.0.1"

[[artifact]]
kind = "module"
name = "conn_demux"
project = "fluxor"
target = "rp2350"
digest = "sha256:6730f24175590baa3f55076ed2fb26f0ccb8d31226ac7e6adcafa23e63f5fe17"
reference = "rp2350/conn_demux:0.0.1"

[[artifact]]
kind = "module"
name = "conn_guard"
project = "fluxor"
target = "bcm2712"
digest = "sha256:71113e09ff194c285294d5a9cbbfe29d3c670861df382c833c45f2457a23af37"
reference = "bcm2712/conn_guard:0.0.1"

[[artifact]]
kind = "module"
name = "conn_guard"
project = "fluxor"
target = "rp2350"
digest = "sha256:40af672d13cfac4d2077cadc09ab0a9f23f8da52f68dfa1a08b9026510dba25e"
reference = "rp2350/conn_guard:0.0.1"

[[artifact]]
kind = "module"
name = "cyw43"
project = "fluxor"
target = "rp2350"
digest = "sha256:a62578d81866696a6ee9866a8484492ad59e0eb66df24ab282aa21df5761314c"
reference = "rp2350/cyw43:0.0.1"

[[artifact]]
kind = "module"
name = "debug"
project = "fluxor"
target = "bcm2712"
digest = "sha256:2e2cc6b6f450b01020e286f23903502d0bb4bb88cdce1abf9976ce7bd56caf1d"
reference = "bcm2712/debug:0.0.1"

[[artifact]]
kind = "module"
name = "debug"
project = "fluxor"
target = "rp2350"
digest = "sha256:59019b092bb4da9155e44a438b6e964ce33cef9ee799365b7e98f5c5e1388c85"
reference = "rp2350/debug:0.0.1"

[[artifact]]
kind = "module"
name = "demux"
project = "fluxor"
target = "bcm2712"
digest = "sha256:1c102709522cea0d112b5d6b549559245f0bb9b41b9cd39813330abac4e9b88d"
reference = "bcm2712/demux:0.0.1"

[[artifact]]
kind = "module"
name = "demux"
project = "fluxor"
target = "rp2350"
digest = "sha256:0e2035538fae8054936eed53a19123ff21caf9b0410c8071644d53afe052d8e3"
reference = "rp2350/demux:0.0.1"

[[artifact]]
kind = "module"
name = "dma_probe"
project = "fluxor"
target = "bcm2712"
digest = "sha256:80c2ff5264732d6be73ce6e6afdc03ddf1ecb917198e337afbdceac26c6b980f"
reference = "bcm2712/dma_probe:0.0.1"

[[artifact]]
kind = "module"
name = "dns"
project = "fluxor"
target = "bcm2712"
digest = "sha256:003d341ebebc1cea88223f3c530e5afea567c221f6f4d939a2769f58211a3d4f"
reference = "bcm2712/dns:0.0.1"

[[artifact]]
kind = "module"
name = "dns"
project = "fluxor"
target = "rp2350"
digest = "sha256:ca73ee74ae958da253f3dd9fed56ef2f6e4a53d12ad16c4383eeb9bb440a5101"
reference = "rp2350/dns:0.0.1"

[[artifact]]
kind = "module"
name = "e810"
project = "fluxor"
target = "bcm2712"
digest = "sha256:25d1ce869569ac988959c76b3d48aa89ba3c9939d32a105967ee2037efa9bb32"
reference = "bcm2712/e810:0.0.1"

[[artifact]]
kind = "module"
name = "echo_anchor"
project = "fluxor"
target = "bcm2712"
digest = "sha256:2d906c2d07c3733beca1d593c4bc196f20d348a85f96e56d223c473cdad137da"
reference = "bcm2712/echo_anchor:0.0.1"

[[artifact]]
kind = "module"
name = "echo_anchor"
project = "fluxor"
target = "rp2350"
digest = "sha256:96d9068f38eea45e137b5eabd0a4a309d87261f94cb6eefe951788289167e4b9"
reference = "rp2350/echo_anchor:0.0.1"

[[artifact]]
kind = "module"
name = "echo_worker"
project = "fluxor"
target = "bcm2712"
digest = "sha256:f33b7ea804e6b108cca6f1ea2c0601ea9eb1afa0d75d36f8dc6a76b89223d36f"
reference = "bcm2712/echo_worker:0.0.1"

[[artifact]]
kind = "module"
name = "echo_worker"
project = "fluxor"
target = "rp2350"
digest = "sha256:bb4b6e6c50f9e689da4128b2da35aff805896cc2faed8c84c4d3323e2c09f553"
reference = "rp2350/echo_worker:0.0.1"

[[artifact]]
kind = "module"
name = "enc28j60"
project = "fluxor"
target = "rp2350"
digest = "sha256:d736cd81db36c18bd82c3c6e9b309b4e990cae2f2b06f48d3ce1ce78de7508e1"
reference = "rp2350/enc28j60:0.0.1"

[[artifact]]
kind = "module"
name = "eth_parser"
project = "fluxor"
target = "bcm2712"
digest = "sha256:656a442850a2be241e4e05140142b9b0589a4924c2509915718cf354a786c6b0"
reference = "bcm2712/eth_parser:0.0.1"

[[artifact]]
kind = "module"
name = "eth_parser"
project = "fluxor"
target = "rp2350"
digest = "sha256:7c835614eaf9f910ad88133bae4079411d82530d71b1721d98e54883b24b1ccc"
reference = "rp2350/eth_parser:0.0.1"

[[artifact]]
kind = "module"
name = "fat32"
project = "fluxor"
target = "bcm2712"
digest = "sha256:6071fba4b682b5439858731d984a85c875d0c7ece5c15ce47df6cf85ee0dce1a"
reference = "bcm2712/fat32:0.0.1"

[[artifact]]
kind = "module"
name = "fat32"
project = "fluxor"
target = "rp2350"
digest = "sha256:792dd2f0595cb35e9fdf9f8de43bd1bf666a88886a0ad971d8d317026218a6a0"
reference = "rp2350/fat32:0.0.1"

[[artifact]]
kind = "module"
name = "flash_rp"
project = "fluxor"
target = "rp2350"
digest = "sha256:3ee22bd2958c03c7cee2b2e46678728ed8b39318ff5a44a33ca84886190534ea"
reference = "rp2350/flash_rp:0.0.1"

[[artifact]]
kind = "module"
name = "format"
project = "fluxor"
target = "rp2350"
digest = "sha256:3bb557137e710ed8827ed2b3a694ce483157c17737b434da3ab1e6da6015a8c4"
reference = "rp2350/format:0.0.1"

[[artifact]]
kind = "module"
name = "fs_bank"
project = "fluxor"
target = "bcm2712"
digest = "sha256:092875b81bfc7c91f979cd5e567ad49aee48b4465b52ae5576fbce02210e6d2d"
reference = "bcm2712/fs_bank:0.0.1"

[[artifact]]
kind = "module"
name = "fs_bank"
project = "fluxor"
target = "rp2350"
digest = "sha256:818dbb095a0d983fac66b8e923d75a26d6d535fc41492479a6c36c4160105add"
reference = "rp2350/fs_bank:0.0.1"

[[artifact]]
kind = "module"
name = "fs_bank"
project = "fluxor"
target = "wasm"
digest = "sha256:2a3464ccd2ffa0acf5ea39072fbdb8a8331ee972b4975921a1cf6001f577c719"
reference = "wasm/fs_bank:0.0.1"

[[artifact]]
kind = "module"
name = "fs_tap"
project = "fluxor"
target = "bcm2712"
digest = "sha256:d1a0104080e225239cc6b74755cddafa2660384e5612393980a4412affda1fd1"
reference = "bcm2712/fs_tap:0.0.1"

[[artifact]]
kind = "module"
name = "fs_tap"
project = "fluxor"
target = "rp2350"
digest = "sha256:48bc97fdd432f5f6003dd8a132efbc4e393f04e1eff10c7ec1591ab884f13a74"
reference = "rp2350/fs_tap:0.0.1"

[[artifact]]
kind = "module"
name = "gallery_stage"
project = "fluxor"
target = "bcm2712"
digest = "sha256:2d26bc53458cda450632381374366108c0d32d5dca6f96cfb1c1fca90f93b708"
reference = "bcm2712/gallery_stage:0.0.1"

[[artifact]]
kind = "module"
name = "gesture"
project = "fluxor"
target = "bcm2712"
digest = "sha256:c8aaee065421e6c4fe526ad0810857c4739fd8e921e309d185502d5b642497cd"
reference = "bcm2712/gesture:0.0.1"

[[artifact]]
kind = "module"
name = "gesture"
project = "fluxor"
target = "rp2350"
digest = "sha256:235469af6d688e578d61b007688a2a5f019d609a7545d8ad8e0750d7c40db84f"
reference = "rp2350/gesture:0.0.1"

[[artifact]]
kind = "module"
name = "gesture"
project = "fluxor"
target = "wasm"
digest = "sha256:85e6c469f0177bc9c8b43a7e74be524593815c4c5c0cc9bd352a440af420bdb7"
reference = "wasm/gesture:0.0.1"

[[artifact]]
kind = "module"
name = "graph_slot"
project = "fluxor"
target = "rp2350"
digest = "sha256:9d709d032884583437878feab50d5d1692e52911a280a299e1f79241063c5e70"
reference = "rp2350/graph_slot:0.0.1"

[[artifact]]
kind = "module"
name = "gt911"
project = "fluxor"
target = "rp2350"
digest = "sha256:9512d741009b1e3683f8194ee1718938da567debb70dd09c59db7ec406db75a6"
reference = "rp2350/gt911:0.0.1"

[[artifact]]
kind = "module"
name = "i2c_dw"
project = "fluxor"
target = "rp2350"
digest = "sha256:2b10c1c92baac2f42fc5243479dc50d62d0fa59ee1f1c7735ed3638f41dbe7f5"
reference = "rp2350/i2c_dw:0.0.1"

[[artifact]]
kind = "module"
name = "i2s_pio"
project = "fluxor"
target = "rp2350"
digest = "sha256:b1130b71dd10e0e95b592dca7c361b3c5331b19f9075658cfb5a3c63d35bf3af"
reference = "rp2350/i2s_pio:0.0.1"

[[artifact]]
kind = "module"
name = "ip"
project = "fluxor"
target = "bcm2712"
digest = "sha256:4dfb108133d6ab9db1dd252b5285683c6c3ddb8159feb92a812b1d84482cbdf9"
reference = "bcm2712/ip:0.0.1"

[[artifact]]
kind = "module"
name = "ip"
project = "fluxor"
target = "rp2350"
digest = "sha256:27c773420edc36be34319234bca219b7f66c80506850da783bf3ed2c041f468c"
reference = "rp2350/ip:0.0.1"

[[artifact]]
kind = "module"
name = "iso_heap"
project = "fluxor"
target = "bcm2712"
digest = "sha256:a2439f14212fb94c38c1209beee434b5a0858df80c9a22496ed7fb08905d7a3c"
reference = "bcm2712/iso_heap:0.0.1"

[[artifact]]
kind = "module"
name = "iso_probe"
project = "fluxor"
target = "bcm2712"
digest = "sha256:3cfa44ded046fc84c1430e3d73929c513b8ec25e020b31343026245e64b7cc64"
reference = "bcm2712/iso_probe:0.0.1"

[[artifact]]
kind = "module"
name = "iso_transform"
project = "fluxor"
target = "bcm2712"
digest = "sha256:7c86916dfbcc8dbd2a96596576cd5591574e257bb8465ed83955b92f5fa2c286"
reference = "bcm2712/iso_transform:0.0.1"

[[artifact]]
kind = "module"
name = "kv_store"
project = "fluxor"
target = "bcm2712"
digest = "sha256:873328165dad98ceb4da28fc015e7925b23d36dba4b10a4dbf5e11b4ffcf6a6a"
reference = "bcm2712/kv_store:0.0.1"

[[artifact]]
kind = "module"
name = "kv_store"
project = "fluxor"
target = "rp2350"
digest = "sha256:3038a63aec5c27e95218d0cc2cd6196111300be8cc233ad402ce77fe50c91783"
reference = "rp2350/kv_store:0.0.1"

[[artifact]]
kind = "module"
name = "link"
project = "fluxor"
target = "rp2350"
digest = "sha256:93ee9b5383f65fd99460f357505e3e4e260d2ececab0ccd68cd8f795783775f1"
reference = "rp2350/link:0.0.1"

[[artifact]]
kind = "module"
name = "load_gen"
project = "fluxor"
target = "bcm2712"
digest = "sha256:ea742c685a3cac26a699f083a9eeb118445329d79ca15adc3a24e40afbeb4fe8"
reference = "bcm2712/load_gen:0.0.1"

[[artifact]]
kind = "module"
name = "load_gen"
project = "fluxor"
target = "rp2350"
digest = "sha256:83bf1fbf9dc9c333e931ee90dc960b43e6368d8eb240e9137139511996e21648"
reference = "rp2350/load_gen:0.0.1"

[[artifact]]
kind = "module"
name = "log_net"
project = "fluxor"
target = "bcm2712"
digest = "sha256:60f28f9b02b5b43f61d978a49e846a174bd05486ac9c84fe6b5b9a5a1b24fc77"
reference = "bcm2712/log_net:0.0.1"

[[artifact]]
kind = "module"
name = "log_net"
project = "fluxor"
target = "rp2350"
digest = "sha256:e3dc15e3ce4aff530f9dc741bf7264897a591253567d168869a5cdf0b69befde"
reference = "rp2350/log_net:0.0.1"

[[artifact]]
kind = "module"
name = "mem_ns"
project = "fluxor"
target = "bcm2712"
digest = "sha256:b70f1a48e66af81616e9a1fbf16f8e62fb91de4f9ceea89506bd785d9bcb0769"
reference = "bcm2712/mem_ns:0.0.1"

[[artifact]]
kind = "module"
name = "mem_ns"
project = "fluxor"
target = "rp2350"
digest = "sha256:8b41ac6b525ca33053dc52075cd4a4f1be378cd21b6144c52ee15e81629cc6b9"
reference = "rp2350/mem_ns:0.0.1"

[[artifact]]
kind = "module"
name = "mic_pio"
project = "fluxor"
target = "rp2350"
digest = "sha256:a9f1fdc2ab71a6e1d323be019d7339a2f6ae7ce211d6a3817718b43809148c36"
reference = "rp2350/mic_pio:0.0.1"

[[artifact]]
kind = "module"
name = "monitor"
project = "fluxor"
target = "bcm2712"
digest = "sha256:d5ce9aae615592dce7b811b0c69f60002d8141bd68bdcb3d8fde339617f47b54"
reference = "bcm2712/monitor:0.0.1"

[[artifact]]
kind = "module"
name = "monitor"
project = "fluxor"
target = "rp2350"
digest = "sha256:f4292d0766dd22163f2614f9c47ebde0b0fc78a545bd741f1fe28cd08a008645"
reference = "rp2350/monitor:0.0.1"

[[artifact]]
kind = "module"
name = "mount"
project = "fluxor"
target = "bcm2712"
digest = "sha256:2ae38dac0a9aef3635436bfb7afa719c9a5dd160beab65f54d2d69cdcf46c2c1"
reference = "bcm2712/mount:0.0.1"

[[artifact]]
kind = "module"
name = "mount"
project = "fluxor"
target = "rp2350"
digest = "sha256:f10fa0a98b5e34a691229317ff1179a87100910d0ed80cee5ad82ebc611835bd"
reference = "rp2350/mount:0.0.1"

[[artifact]]
kind = "module"
name = "mux_echo"
project = "fluxor"
target = "bcm2712"
digest = "sha256:0f74ae268660d1b67d9eb3441c09691099792d9cac6e8a4c6e28cb78d2d6b83c"
reference = "bcm2712/mux_echo:0.0.1"

[[artifact]]
kind = "module"
name = "mux_echo"
project = "fluxor"
target = "rp2350"
digest = "sha256:360f672d9991d389ecb8d023dc5d949cb9ae3ca0c2f28bf3d67498a13df3a5c1"
reference = "rp2350/mux_echo:0.0.1"

[[artifact]]
kind = "module"
name = "nvme"
project = "fluxor"
target = "bcm2712"
digest = "sha256:fb7b31c6522d0a10e782a54123b506a49b2ec0adf4fbcf7d3b3b1ded0ba0e554"
reference = "bcm2712/nvme:0.0.1"

[[artifact]]
kind = "module"
name = "nvme_arena_probe"
project = "fluxor"
target = "bcm2712"
digest = "sha256:83fa1d8576d1ffe5213027c785231c265dc09d9990d48ac90514a7277e70f464"
reference = "bcm2712/nvme_arena_probe:0.0.1"

[[artifact]]
kind = "module"
name = "nvme_perf_probe"
project = "fluxor"
target = "bcm2712"
digest = "sha256:3c6566b706409fc69dd8071698b44175e3b8bb95dea29817c9985b2c2cd511a7"
reference = "bcm2712/nvme_perf_probe:0.0.1"

[[artifact]]
kind = "module"
name = "object_bank"
project = "fluxor"
target = "bcm2712"
digest = "sha256:0b4462388624742d564c797ead9ede901d1c997343cecbdc100e2ffe4a18dfc6"
reference = "bcm2712/object_bank:0.0.1"

[[artifact]]
kind = "module"
name = "object_bank"
project = "fluxor"
target = "rp2350"
digest = "sha256:5f0f2aa9e3dcbba5bf3f1eb8bd1c91cdec0847489d4dfc9dc67bc56e048c9234"
reference = "rp2350/object_bank:0.0.1"

[[artifact]]
kind = "module"
name = "object_bank"
project = "fluxor"
target = "wasm"
digest = "sha256:2ac6bcddf57407809da725beac21e7561a7b53bb2a8b98ac483e56b46e29b54f"
reference = "wasm/object_bank:0.0.1"

[[artifact]]
kind = "module"
name = "observe"
project = "fluxor"
target = "bcm2712"
digest = "sha256:12591e50ecb058bed3c2621b9435685cde75e3d8dbdf2220c480e542629939aa"
reference = "bcm2712/observe:0.0.1"

[[artifact]]
kind = "module"
name = "observe"
project = "fluxor"
target = "rp2350"
digest = "sha256:33ef1bcb1db6bed3561d1a098378eb97e69bfccc322396cba7075c767f74f7bb"
reference = "rp2350/observe:0.0.1"

[[artifact]]
kind = "module"
name = "ota_ingest"
project = "fluxor"
target = "rp2350"
digest = "sha256:cf4fb08b0e740629993264ef2b7147455bee2a5a4e32cbcb71399a6bae61778e"
reference = "rp2350/ota_ingest:0.0.1"

[[artifact]]
kind = "module"
name = "otel"
project = "fluxor"
target = "bcm2712"
digest = "sha256:20e217d19cbbb664ec9ba0784049f42e84ecaad889317009714151f962c6e29f"
reference = "bcm2712/otel:0.0.1"

[[artifact]]
kind = "module"
name = "otel"
project = "fluxor"
target = "rp2350"
digest = "sha256:37fccabcd9395b96aee3f500c9fbf101ee58d772ed4e0c3fda9cd6c8d83cb3fd"
reference = "rp2350/otel:0.0.1"

[[artifact]]
kind = "module"
name = "panel_surface_traits"
project = "fluxor"
target = "bcm2712"
digest = "sha256:cc6570c9697a3948bbbb671ec35cd4eb28420df237232db0f5ea02afc8565675"
reference = "bcm2712/panel_surface_traits:0.0.1"

[[artifact]]
kind = "module"
name = "panel_surface_traits"
project = "fluxor"
target = "rp2350"
digest = "sha256:774ee19ea23b3a021bce7bd0426348177d80d39c44ae6f7e97c9dea4b42d90c2"
reference = "rp2350/panel_surface_traits:0.0.1"

[[artifact]]
kind = "module"
name = "pause_driver"
project = "fluxor"
target = "bcm2712"
digest = "sha256:8307e52e55e6503fecde818ef71f9aa81f37a72c82a1e66729f1340d9d3963b6"
reference = "bcm2712/pause_driver:0.0.1"

[[artifact]]
kind = "module"
name = "pause_probe"
project = "fluxor"
target = "bcm2712"
digest = "sha256:47b0f053b9e74c7348ac283aba66520252cd86f2c3400141f341a58b90b63417"
reference = "bcm2712/pause_probe:0.0.1"

[[artifact]]
kind = "module"
name = "pcie_scan"
project = "fluxor"
target = "bcm2712"
digest = "sha256:f6785a1e7aeeda8f31589cca4aabc63ce8486213fb696b66c23b3b531048e0af"
reference = "bcm2712/pcie_scan:0.0.1"

[[artifact]]
kind = "module"
name = "pio_rp"
project = "fluxor"
target = "rp2350"
digest = "sha256:503a5438806730cdb888e48bf36f05def4ab044d34f8ae6793c3ea04eaae6e2c"
reference = "rp2350/pio_rp:0.0.1"

[[artifact]]
kind = "module"
name = "pkt_filter"
project = "fluxor"
target = "bcm2712"
digest = "sha256:d83f20e6c2a180dde5a37930273fc24e92db6a8f491c8df08f757850715f75b9"
reference = "bcm2712/pkt_filter:0.0.1"

[[artifact]]
kind = "module"
name = "pkt_filter"
project = "fluxor"
target = "rp2350"
digest = "sha256:ffe86a531c6ac075ade75705e26b3c93696644b6aae111183a6d454aaac00687"
reference = "rp2350/pkt_filter:0.0.1"

[[artifact]]
kind = "module"
name = "presentation_resolver"
project = "fluxor"
target = "bcm2712"
digest = "sha256:c5d77c757474424bef27b67789cfd68449bd612da801da409f97bdc3daa53984"
reference = "bcm2712/presentation_resolver:0.0.1"

[[artifact]]
kind = "module"
name = "presentation_resolver"
project = "fluxor"
target = "rp2350"
digest = "sha256:914a7cb1db0b80e5873e412ab7035955e5e8748be48cf905c62212054d769c58"
reference = "rp2350/presentation_resolver:0.0.1"

[[artifact]]
kind = "module"
name = "presentation_resolver"
project = "fluxor"
target = "wasm"
digest = "sha256:9c748cb0fa5ea992b8c098aa6dcb4eb1c04ac4a4462a111e455a6aa65f83558b"
reference = "wasm/presentation_resolver:0.0.1"

[[artifact]]
kind = "module"
name = "pwm_out"
project = "fluxor"
target = "rp2350"
digest = "sha256:618c665ff46186dd061508db244ac694d2e28cc03758974eea65c9089bb41ce4"
reference = "rp2350/pwm_out:0.0.1"

[[artifact]]
kind = "module"
name = "pwm_rp"
project = "fluxor"
target = "rp2350"
digest = "sha256:c4fe405f4167fc8b7a5db3afda4a394368dc6f525cbbceeb017ee34a8763de38"
reference = "rp2350/pwm_rp:0.0.1"

[[artifact]]
kind = "module"
name = "quic"
project = "fluxor"
target = "bcm2712"
digest = "sha256:dcccf4dd472c51b73969b4d74fec723d0b1747cfbc261709adf5a4fbb811d9d6"
reference = "bcm2712/quic:0.0.1"

[[artifact]]
kind = "module"
name = "reconfigure"
project = "fluxor"
target = "bcm2712"
digest = "sha256:de6fd6ab403a5d3d222348ed6f7948e9a0d0f47f0bd54ef1f7b900dcbae8c9df"
reference = "bcm2712/reconfigure:0.0.1"

[[artifact]]
kind = "module"
name = "reconfigure"
project = "fluxor"
target = "rp2350"
digest = "sha256:1e6662d20ef1a6d3355fabf8bd48c5e51a255c0d55a0b43281c7098b58c65bca"
reference = "rp2350/reconfigure:0.0.1"

[[artifact]]
kind = "module"
name = "remote_channel"
project = "fluxor"
target = "bcm2712"
digest = "sha256:979334b51931b9d1ea3f80e0e0aa13ed4097a219fc5e9aa7c6b9c3675edff8ef"
reference = "bcm2712/remote_channel:0.0.1"

[[artifact]]
kind = "module"
name = "remote_channel"
project = "fluxor"
target = "rp2350"
digest = "sha256:4e4da2cd379f681c686fbe902f352682602d7ca77f4a76d8780ade98c618276d"
reference = "rp2350/remote_channel:0.0.1"

[[artifact]]
kind = "module"
name = "remote_channel"
project = "fluxor"
target = "wasm"
digest = "sha256:c56755ef94157d39df0983cd3bbad1224683f19afcc2ba3dc4dd9b374c88e53d"
reference = "wasm/remote_channel:0.0.1"

[[artifact]]
kind = "module"
name = "rp1_gem"
project = "fluxor"
target = "bcm2712"
digest = "sha256:23dbcb4b99427fe08f660205bfca48d0498748fbfcb0eb425d35f32badaa7fd9"
reference = "bcm2712/rp1_gem:0.0.1"

[[artifact]]
kind = "module"
name = "rules"
project = "fluxor"
target = "rp2350"
digest = "sha256:7f2cfe09915fbd92b0172f212d5679322006a76df33afdb8d15c3f75500d2a9d"
reference = "rp2350/rules:0.0.1"

[[artifact]]
kind = "module"
name = "sd"
project = "fluxor"
target = "rp2350"
digest = "sha256:ca5b70f38d566741e8b7ae5bb9fdfae3f3f4a4fcfb32f750fa8a7829c86f9e62"
reference = "rp2350/sd:0.0.1"

[[artifact]]
kind = "module"
name = "smmu"
project = "fluxor"
target = "bcm2712"
digest = "sha256:0e5dc3e06d91b1cd16314ef5160720239482710787ec59063d2895fe45d99232"
reference = "bcm2712/smmu:0.0.1"

[[artifact]]
kind = "module"
name = "spi_pl022"
project = "fluxor"
target = "rp2350"
digest = "sha256:573afb92ba9362edfc4dc0ef128e1b68279c8d84674c28145e864ae9bbeef31a"
reference = "rp2350/spi_pl022:0.0.1"

[[artifact]]
kind = "module"
name = "st7701s"
project = "fluxor"
target = "rp2350"
digest = "sha256:ffad599c05e1897bd6ec06bb1abe4971cafe82241a46b53afe0b5f1c6b1bba6e"
reference = "rp2350/st7701s:0.0.1"

[[artifact]]
kind = "module"
name = "synth_source"
project = "fluxor"
target = "bcm2712"
digest = "sha256:3afbeaa872c2aca44beed516da77adca1a1e476bee59f73bc5b1934bb3455542"
reference = "bcm2712/synth_source:0.0.1"

[[artifact]]
kind = "module"
name = "synth_source"
project = "fluxor"
target = "rp2350"
digest = "sha256:595cc0b82635f4cbb7432f225c9bd7c04c0e14ac3fd848aa6f38bdf74ec78d81"
reference = "rp2350/synth_source:0.0.1"

[[artifact]]
kind = "module"
name = "temp_sensor"
project = "fluxor"
target = "rp2350"
digest = "sha256:b4e3037835a9febfc145df65f4b8603db073cb3e83061d1ef2c7d15f6df424db"
reference = "rp2350/temp_sensor:0.0.1"

[[artifact]]
kind = "module"
name = "test_fault"
project = "fluxor"
target = "bcm2712"
digest = "sha256:1dd0491b87f1e107d5ef5a7835adaeaeee84160cfe2cd74fa7948acc3c9185e3"
reference = "bcm2712/test_fault:0.0.1"

[[artifact]]
kind = "module"
name = "test_fault"
project = "fluxor"
target = "rp2350"
digest = "sha256:db04c329ddd04b9116e356a387760de9f0ab661442c160cfbf3fc21e6b091a73"
reference = "rp2350/test_fault:0.0.1"

[[artifact]]
kind = "module"
name = "tier2_probe"
project = "fluxor"
target = "bcm2712"
digest = "sha256:c6bb44f91cf9da602cf91aa14f91381836aae39cc927f44f877e6e66bc9a8ec4"
reference = "bcm2712/tier2_probe:0.0.1"

[[artifact]]
kind = "module"
name = "tls"
project = "fluxor"
target = "bcm2712"
digest = "sha256:6aee189297b2b1cccbeb14020a6cc196aefca94f7c7ae6e5acf4e0d8cc82ba91"
reference = "bcm2712/tls:0.0.1"

[[artifact]]
kind = "module"
name = "tls"
project = "fluxor"
target = "rp2350"
digest = "sha256:31ffb49b1bdee3b2eac35f5b1373269b94ad7f857419d5dae3a36ba2e7dc0a94"
reference = "rp2350/tls:0.0.1"

[[artifact]]
kind = "module"
name = "transport_buffer"
project = "fluxor"
target = "bcm2712"
digest = "sha256:d91d9a7f134f954fbb5b49479cc7067aa1891093b56f3ef7027f1e2747602d32"
reference = "bcm2712/transport_buffer:0.0.1"

[[artifact]]
kind = "module"
name = "transport_buffer"
project = "fluxor"
target = "rp2350"
digest = "sha256:b735e906c0c0f314b0a499ae7257494d79762f280fc66f242ee8ca433b32e9e8"
reference = "rp2350/transport_buffer:0.0.1"

[[artifact]]
kind = "module"
name = "uart_pl011"
project = "fluxor"
target = "rp2350"
digest = "sha256:3bceb5dc616998c31648b1e07f846236c17f57e9e2aba74a590b781e8f244abd"
reference = "rp2350/uart_pl011:0.0.1"

[[artifact]]
kind = "module"
name = "usb_midi_host"
project = "fluxor"
target = "bcm2712"
digest = "sha256:8512c7a1ee709034be01812ee35fa9694b0344b9f0193e93b1dc9ca40d031df6"
reference = "bcm2712/usb_midi_host:0.0.1"

[[artifact]]
kind = "module"
name = "usb_midi_host"
project = "fluxor"
target = "rp2350"
digest = "sha256:0d8262421e37e05a72e5fdc323674bda2a678bf1049d3d36b8165c5048bac17e"
reference = "rp2350/usb_midi_host:0.0.1"

[[artifact]]
kind = "module"
name = "virtio_net"
project = "fluxor"
target = "bcm2712"
digest = "sha256:8b2f91b42d3a2c3dceb97df876ef4a7861e4865223e5e821ae168d532d3ddd83"
reference = "bcm2712/virtio_net:0.0.1"

[[artifact]]
kind = "module"
name = "wake_snk"
project = "fluxor"
target = "bcm2712"
digest = "sha256:7db4567e5ddaf7bc62e96cb4b89220de8c065c9693b412a6be63815ee3432425"
reference = "bcm2712/wake_snk:0.0.1"

[[artifact]]
kind = "module"
name = "wake_src"
project = "fluxor"
target = "bcm2712"
digest = "sha256:2005fc21c0553236cd1686cd03adf063645a078bb0bd5f4921cf78c808d26536"
reference = "bcm2712/wake_src:0.0.1"

[[artifact]]
kind = "module"
name = "wifi"
project = "fluxor"
target = "rp2350"
digest = "sha256:39c5e7219e4c2e07aacb527852a80133875e45ec9add97f18738222f381bbe2a"
reference = "rp2350/wifi:0.0.1"

[[artifact]]
kind = "module"
name = "http"
project = "wave"
target = "bcm2712"
digest = "sha256:dd9c9c7eda164df14ddd03637fe2ddc265cfe8b23a8ad84825621dc9065ff232"
reference = "bcm2712/http:0.0.1"

[[artifact]]
kind = "module"
name = "http"
project = "wave"
target = "rp2350"
digest = "sha256:0e40ed5e467e8ac72d3c928b95de2d2f9f983aa27c47589b4fe795f1e98fd3ff"
reference = "rp2350/http:0.0.1"

[[artifact]]
kind = "module"
name = "http-app"
project = "wave"
target = "bcm2712"
digest = "sha256:0fee7f8a9f170f64a07c5e693f8fefd2d04d4925e3381bfee9fd35e9195dbf53"
reference = "bcm2712/http-app:0.0.1"

[[artifact]]
kind = "module"
name = "http-app"
project = "wave"
target = "rp2350"
digest = "sha256:e6d1575a7caa3bed0e189de55e15a2a7b38744f09ebabfd3f17343992776c9b0"
reference = "rp2350/http-app:0.0.1"

[[artifact]]
kind = "module"
name = "http-h2"
project = "wave"
target = "bcm2712"
digest = "sha256:3f60fc0c828068d2b967ccdeb99fdd2c8246dfe0f96523663ad3ee530dd24579"
reference = "bcm2712/http-h2:0.0.1"

[[artifact]]
kind = "module"
name = "http-h2"
project = "wave"
target = "rp2350"
digest = "sha256:425048522a93890c05293b1086934b61104f9a1a20f1b1d883550384f49e7569"
reference = "rp2350/http-h2:0.0.1"

[[artifact]]
kind = "module"
name = "http-web"
project = "wave"
target = "bcm2712"
digest = "sha256:ef8a42c00c465aedd5e9b140c384b96d97647659023e935190a334cbc498c3b2"
reference = "bcm2712/http-web:0.0.1"

[[artifact]]
kind = "module"
name = "http-web"
project = "wave"
target = "rp2350"
digest = "sha256:a75f89f72479cb5703a1eb9cf7bdcf29f00354fe1a94733cc8ae52072cfbb0f3"
reference = "rp2350/http-web:0.0.1"

[[artifact]]
kind = "module"
name = "http_echo_app"
project = "wave"
target = "bcm2712"
digest = "sha256:cb7ae863c42157dfa2c3c8851759bc134c97dd5a6e067173c53816d7bb25e9b7"
reference = "bcm2712/http_echo_app:0.0.1"

[[artifact]]
kind = "module"
name = "http_echo_app"
project = "wave"
target = "rp2350"
digest = "sha256:472ba7c1841a6e02d4c04e4a9f42c0578425cc5d17833753d67d462f2a66c3f1"
reference = "rp2350/http_echo_app:0.0.1"

[[artifact]]
kind = "module"
name = "rtp"
project = "wave"
target = "bcm2712"
digest = "sha256:aa2b818f37503ad2c7e1889b0877a7cd48d857f96d58e509bea0f584e6282bdf"
reference = "bcm2712/rtp:0.0.1"

[[artifact]]
kind = "module"
name = "rtp"
project = "wave"
target = "rp2350"
digest = "sha256:1e1a58f880de4f1918dab7a303d61cf44f4268bb5078e9cb0441fe46692f9ea0"
reference = "rp2350/rtp:0.0.1"

[[artifact]]
kind = "module"
name = "s3"
project = "wave"
target = "bcm2712"
digest = "sha256:dc44d8b9b07379b9b52fed893d85cc5256717bd98157ac20f3558c46bc6d0d83"
reference = "bcm2712/s3:0.0.1"

[[artifact]]
kind = "module"
name = "sip"
project = "wave"
target = "bcm2712"
digest = "sha256:6a8235f6e54b3d3cf28ac98dccf5f8d7368a8353383d2e5453969eb64281674b"
reference = "bcm2712/sip:0.0.1"

[[artifact]]
kind = "module"
name = "sip"
project = "wave"
target = "rp2350"
digest = "sha256:b1471e45e4fd59c97fd0be7b6bc849d659d0b401b53e1ba8ffa49f3d28f21d71"
reference = "rp2350/sip:0.0.1"

[[artifact]]
kind = "module"
name = "smtp"
project = "wave"
target = "bcm2712"
digest = "sha256:98854dd0e964cf201eb263a045995129a7846ff72107fb173ba314770cb36133"
reference = "bcm2712/smtp:0.0.1"

[[artifact]]
kind = "module"
name = "websocket"
project = "wave"
target = "bcm2712"
digest = "sha256:9be6ac6f1e2d6f20688745fec4c5af5c31b1c75d50978cc7ef12db17e6a0f9fd"
reference = "bcm2712/websocket:0.0.1"

[[artifact]]
kind = "module"
name = "ws_stream"
project = "wave"
target = "bcm2712"
digest = "sha256:acc54f8fc0ae70b9cbee5bf1e6c365c0a80bde46ef1a4ef40665d73ea1fdd375"
reference = "bcm2712/ws_stream:0.0.1"

[[artifact]]
kind = "module"
name = "ws_stream"
project = "wave"
target = "rp2350"
digest = "sha256:69d4caa2d403755627a0c868dfe24270103b4792297a9955bfea239d31c6f224"
reference = "rp2350/ws_stream:0.0.1"

[[artifact]]
kind = "module"
name = "ws_stream"
project = "wave"
target = "wasm"
digest = "sha256:3d55bc3536c4a0c06caaa9653900787a0b0fd437146b0767b4a73ba03dbf162c"
reference = "wasm/ws_stream:0.0.1"

[[artifact]]
kind = "runtime"
name = "fluxor"
project = "fluxor"
target = "aarch64-unknown-linux-gnu"
digest = "sha256:ab7637985f945b8d648bc6cb3683607a1295a12b25ce582b2ba0c75fc0cf1f2c"
reference = "fluxor/run/fluxor-aarch64-unknown-linux-gnu:0.0.1"

[[artifact]]
kind = "runtime"
name = "fluxor-linux"
project = "fluxor"
target = "aarch64-unknown-linux-gnu"
digest = "sha256:4ddafcf549ed52e2e463348d5ced45822dbb71e6c0c559e25ee033457320bc52"
reference = "fluxor/run/fluxor-linux-aarch64-unknown-linux-gnu:0.0.1"

[[artifact]]
kind = "source"
name = "fluxor-abi"
project = "fluxor"
digest = "sha256:1a6fee0c5d01dc3c4c7caa85b5a8a0520a596c870edc6a543046f70d54c5a165"
reference = "fluxor/src/fluxor-abi:0.0.1"

[[artifact]]
kind = "source"
name = "fluxor-contracts"
project = "fluxor"
digest = "sha256:9e386aea5d35f2156438d4d84cd725a0ed8a13c809afed5bf3ecef937db0fddb"
reference = "fluxor/src/fluxor-contracts:0.0.1"

[[artifact]]
kind = "source"
name = "wave-common"
project = "wave"
digest = "sha256:6e0d177b10e4775a0bb42303b25f45a2abd91e1feed526e2ec5bd3b759af8296"
reference = "wave/src/wave-common:0.0.1"
